Microsoft Visual Studio Solution File, Format Version 11.00
# Visual Studio 2008

Project("{A897FF55-8E17-8B60-DFC6-AC1A5C76E9F6}") = "PetitHomme_Hopital", "Assembly-CSharp.csproj", "{8BDDA009-A9B9-4121-DFE1-1C23A92CBE95}"
EndProject
Project("{A897FF55-8E17-8B60-DFC6-AC1A5C76E9F6}") = "PetitHomme_Hopital", "Assembly-CSharp-Editor.csproj", "{A8BF4928-84EB-B4A5-F9BD-C7B4A0D541E8}"
EndProject
Global
	GlobalSection(SolutionConfigurationPlatforms) = preSolution
		Debug|Any CPU = Debug|Any CPU
		Release|Any CPU = Release|Any CPU
	EndGlobalSection
	GlobalSection(ProjectConfigurationPlatforms) = postSolution
		{8BDDA009-A9B9-4121-DFE1-1C23A92CBE95}.Debug|Any CPU.ActiveCfg = Debug|Any CPU
		{8BDDA009-A9B9-4121-DFE1-1C23A92CBE95}.Debug|Any CPU.Build.0 = Debug|Any CPU
		{8BDDA009-A9B9-4121-DFE1-1C23A92CBE95}.Release|Any CPU.ActiveCfg = Release|Any CPU
		{8BDDA009-A9B9-4121-DFE1-1C23A92CBE95}.Release|Any CPU.Build.0 = Release|Any CPU
		{A8BF4928-84EB-B4A5-F9BD-C7B4A0D541E8}.Debug|Any CPU.ActiveCfg = Debug|Any CPU
		{A8BF4928-84EB-B4A5-F9BD-C7B4A0D541E8}.Debug|Any CPU.Build.0 = Debug|Any CPU
		{A8BF4928-84EB-B4A5-F9BD-C7B4A0D541E8}.Release|Any CPU.ActiveCfg = Release|Any CPU
		{A8BF4928-84EB-B4A5-F9BD-C7B4A0D541E8}.Release|Any CPU.Build.0 = Release|Any CPU
	EndGlobalSection
	GlobalSection(SolutionProperties) = preSolution
		HideSolutionNode = FALSE
	EndGlobalSection
		GlobalSection(MonoDevelopProperties) = preSolution
		StartupItem = Assembly-CSharp.csproj
		Policies = $0
		$0.TextStylePolicy = $1
		$1.inheritsSet = null
		$1.scope = text/x-csharp
		$0.CSharpFormattingPolicy = $2
		$2.inheritsSet = Mono
		$2.inheritsScope = text/x-csharp
		$2.scope = text/x-csharp
		$0.TextStylePolicy = $3
		$3.FileWidth = 120
		$3.TabWidth = 4
		$3.EolMarker = Unix
		$3.inheritsSet = Mono
		$3.inheritsScope = text/plain
		$3.scope = text/plain
	EndGlobalSection

EndGlobal
