
Microsoft Visual Studio Solution File, Format Version 11.00
# Visual Studio 2010
Project("{FAE04EC0-301F-11D3-BF4B-00C04F79EFBC}") = "Essai01", "Essai01\Essai01.csproj", "{FF0B32A4-868F-41A1-9999-1D176F36D8CB}"
EndProject
Global
	GlobalSection(SolutionConfigurationPlatforms) = preSolution
		Debug|x86 = Debug|x86
		Release|x86 = Release|x86
	EndGlobalSection
	GlobalSection(ProjectConfigurationPlatforms) = postSolution
		{FF0B32A4-868F-41A1-9999-1D176F36D8CB}.Debug|x86.ActiveCfg = Debug|x86
		{FF0B32A4-868F-41A1-9999-1D176F36D8CB}.Debug|x86.Build.0 = Debug|x86
		{FF0B32A4-868F-41A1-9999-1D176F36D8CB}.Release|x86.ActiveCfg = Release|x86
		{FF0B32A4-868F-41A1-9999-1D176F36D8CB}.Release|x86.Build.0 = Release|x86
	EndGlobalSection
	GlobalSection(MonoDevelopProperties) = preSolution
		StartupItem = Essai01\Essai01.csproj
	EndGlobalSection
EndGlobal
